
Microsoft Visual Studio Solution File, Format Version 12.00
# Visual Studio 15
VisualStudioVersion = 15.0.28307.489
MinimumVisualStudioVersion = 10.0.40219.1
Project("{FAE04EC0-301F-11D3-BF4B-00C04F79EFBC}") = "TaskManagementServiceAPI", "TaskManagementServiceAPI\TaskManagementServiceAPI.csproj", "{6AC70EFB-8CBA-420E-BDE4-1DE02AF32D0A}"
EndProject
Project("{FAE04EC0-301F-11D3-BF4B-00C04F79EFBC}") = "TaskManagementServiceAPI.Tests", "TaskManagementServiceAPI.Tests\TaskManagementServiceAPI.Tests.csproj", "{053AEC36-625F-459E-A9DE-2735213D9ABD}"
EndProject
Project("{FAE04EC0-301F-11D3-BF4B-00C04F79EFBC}") = "TaskManagementService.DAL", "TaskManagementService.DAL\TaskManagementService.DAL.csproj", "{291482DC-74D4-4C59-8071-01AAEA0E493E}"
EndProject
Project("{FAE04EC0-301F-11D3-BF4B-00C04F79EFBC}") = "TaskManagementService.Repository", "TaskManagementService.Repository\TaskManagementService.Repository.csproj", "{EDC906D3-CFCA-434B-9648-B79A49300E81}"
EndProject
Project("{FAE04EC0-301F-11D3-BF4B-00C04F79EFBC}") = "TaskManagementService.Service", "TaskManagementService.Service\TaskManagementService.Service.csproj", "{8040E448-5354-450D-A69C-534C746EAE6F}"
EndProject
Project("{FAE04EC0-301F-11D3-BF4B-00C04F79EFBC}") = "TaskManagementService.Common", "TaskManagementService.Common\TaskManagementService.Common.csproj", "{9E8D0D72-F971-4CCB-A36B-5AFE186F1E3B}"
EndProject
Project("{FAE04EC0-301F-11D3-BF4B-00C04F79EFBC}") = "TaskManagementService.BLL", "TaskManagementService.BLL\TaskManagementService.BLL.csproj", "{C377B65B-88E6-4348-9366-3182EE56F495}"
EndProject
Global
	GlobalSection(SolutionConfigurationPlatforms) = preSolution
		Debug|Any CPU = Debug|Any CPU
		Release|Any CPU = Release|Any CPU
	EndGlobalSection
	GlobalSection(ProjectConfigurationPlatforms) = postSolution
		{6AC70EFB-8CBA-420E-BDE4-1DE02AF32D0A}.Debug|Any CPU.ActiveCfg = Debug|Any CPU
		{6AC70EFB-8CBA-420E-BDE4-1DE02AF32D0A}.Debug|Any CPU.Build.0 = Debug|Any CPU
		{6AC70EFB-8CBA-420E-BDE4-1DE02AF32D0A}.Release|Any CPU.ActiveCfg = Release|Any CPU
		{6AC70EFB-8CBA-420E-BDE4-1DE02AF32D0A}.Release|Any CPU.Build.0 = Release|Any CPU
		{053AEC36-625F-459E-A9DE-2735213D9ABD}.Debug|Any CPU.ActiveCfg = Debug|Any CPU
		{053AEC36-625F-459E-A9DE-2735213D9ABD}.Debug|Any CPU.Build.0 = Debug|Any CPU
		{053AEC36-625F-459E-A9DE-2735213D9ABD}.Release|Any CPU.ActiveCfg = Release|Any CPU
		{053AEC36-625F-459E-A9DE-2735213D9ABD}.Release|Any CPU.Build.0 = Release|Any CPU
		{291482DC-74D4-4C59-8071-01AAEA0E493E}.Debug|Any CPU.ActiveCfg = Debug|Any CPU
		{291482DC-74D4-4C59-8071-01AAEA0E493E}.Debug|Any CPU.Build.0 = Debug|Any CPU
		{291482DC-74D4-4C59-8071-01AAEA0E493E}.Release|Any CPU.ActiveCfg = Release|Any CPU
		{291482DC-74D4-4C59-8071-01AAEA0E493E}.Release|Any CPU.Build.0 = Release|Any CPU
		{EDC906D3-CFCA-434B-9648-B79A49300E81}.Debug|Any CPU.ActiveCfg = Debug|Any CPU
		{EDC906D3-CFCA-434B-9648-B79A49300E81}.Debug|Any CPU.Build.0 = Debug|Any CPU
		{EDC906D3-CFCA-434B-9648-B79A49300E81}.Release|Any CPU.ActiveCfg = Release|Any CPU
		{EDC906D3-CFCA-434B-9648-B79A49300E81}.Release|Any CPU.Build.0 = Release|Any CPU
		{8040E448-5354-450D-A69C-534C746EAE6F}.Debug|Any CPU.ActiveCfg = Debug|Any CPU
		{8040E448-5354-450D-A69C-534C746EAE6F}.Debug|Any CPU.Build.0 = Debug|Any CPU
		{8040E448-5354-450D-A69C-534C746EAE6F}.Release|Any CPU.ActiveCfg = Release|Any CPU
		{8040E448-5354-450D-A69C-534C746EAE6F}.Release|Any CPU.Build.0 = Release|Any CPU
		{9E8D0D72-F971-4CCB-A36B-5AFE186F1E3B}.Debug|Any CPU.ActiveCfg = Debug|Any CPU
		{9E8D0D72-F971-4CCB-A36B-5AFE186F1E3B}.Debug|Any CPU.Build.0 = Debug|Any CPU
		{9E8D0D72-F971-4CCB-A36B-5AFE186F1E3B}.Release|Any CPU.ActiveCfg = Release|Any CPU
		{9E8D0D72-F971-4CCB-A36B-5AFE186F1E3B}.Release|Any CPU.Build.0 = Release|Any CPU
		{C377B65B-88E6-4348-9366-3182EE56F495}.Debug|Any CPU.ActiveCfg = Debug|Any CPU
		{C377B65B-88E6-4348-9366-3182EE56F495}.Debug|Any CPU.Build.0 = Debug|Any CPU
		{C377B65B-88E6-4348-9366-3182EE56F495}.Release|Any CPU.ActiveCfg = Release|Any CPU
		{C377B65B-88E6-4348-9366-3182EE56F495}.Release|Any CPU.Build.0 = Release|Any CPU
	EndGlobalSection
	GlobalSection(SolutionProperties) = preSolution
		HideSolutionNode = FALSE
	EndGlobalSection
	GlobalSection(ExtensibilityGlobals) = postSolution
		SolutionGuid = {9BC3793F-5046-4CC5-B2C0-4B7FAA720246}
	EndGlobalSection
EndGlobal
